// !$*UTF8*$!
{
	archiveVersion = 1;
	classes = {
	};
	objectVersion = 56;
	objects = {

/* Begin PBXBuildFile section */
		A312540D2B8D3911000E0643 /* ExampleInteractor.swift in Sources */ = {isa = PBXBuildFile; fileRef = A38C7F4B2B87B95A00747632 /* ExampleInteractor.swift */; };
		A312540E2B8D3A1B000E0643 /* ParseHandler.swift in Sources */ = {isa = PBXBuildFile; fileRef = A38C7F862B89295900747632 /* ParseHandler.swift */; };
		A312540F2B8D3A1D000E0643 /* APIHandler.swift in Sources */ = {isa = PBXBuildFile; fileRef = A38C7F882B8929D500747632 /* APIHandler.swift */; };
		A31254102B8D3BF0000E0643 /* ExamplePresenter.swift in Sources */ = {isa = PBXBuildFile; fileRef = A38C7F4D2B87B95A00747632 /* ExamplePresenter.swift */; };
		A31254112B8D3BF4000E0643 /* ExampleWireframe.swift in Sources */ = {isa = PBXBuildFile; fileRef = A38C7F412B87B95A00747632 /* ExampleWireframe.swift */; };
		A31254122B8D3BF8000E0643 /* ExampleViewController.swift in Sources */ = {isa = PBXBuildFile; fileRef = A38C7F482B87B95A00747632 /* ExampleViewController.swift */; };
		A31254132B8D3BFC000E0643 /* CustomTableViewCell.swift in Sources */ = {isa = PBXBuildFile; fileRef = A38C7F492B87B95A00747632 /* CustomTableViewCell.swift */; };
		A31254142B8D3C0C000E0643 /* ExampleInterfaces.swift in Sources */ = {isa = PBXBuildFile; fileRef = A38C7F462B87B95A00747632 /* ExampleInterfaces.swift */; };
		A31254152B8D3C1B000E0643 /* InfoAndPagination.swift in Sources */ = {isa = PBXBuildFile; fileRef = A38C7F572B87BB4300747632 /* InfoAndPagination.swift */; };
		A31254162B8D3C21000E0643 /* Info.swift in Sources */ = {isa = PBXBuildFile; fileRef = A38C7F592B87BBB500747632 /* Info.swift */; };
		A31254172B8D3C21000E0643 /* Character.swift in Sources */ = {isa = PBXBuildFile; fileRef = A38C7F632B87CF6600747632 /* Character.swift */; };
		A31254182B8D3C21000E0643 /* Location.swift in Sources */ = {isa = PBXBuildFile; fileRef = A38C7F6A2B87E9F500747632 /* Location.swift */; };
		A31254192B8D3C69000E0643 /* UIVIewExtension.swift in Sources */ = {isa = PBXBuildFile; fileRef = A38C7F6D2B87EC7C00747632 /* UIVIewExtension.swift */; };
		A312541A2B8D3C69000E0643 /* URLExtension.swift in Sources */ = {isa = PBXBuildFile; fileRef = A38C7F842B8878F800747632 /* URLExtension.swift */; };
		A312541B2B8D3C69000E0643 /* RickAndMortyColors.swift in Sources */ = {isa = PBXBuildFile; fileRef = A38C7F802B87F47500747632 /* RickAndMortyColors.swift */; };
		A312541C2B8D3C69000E0643 /* UIColor.swift in Sources */ = {isa = PBXBuildFile; fileRef = A38C7F822B87F53500747632 /* UIColor.swift */; };
		A31254232B8D5495000E0643 /* CharacterInterfaces.swift in Sources */ = {isa = PBXBuildFile; fileRef = A312541E2B8D5495000E0643 /* CharacterInterfaces.swift */; };
		A31254242B8D5495000E0643 /* CharacterInterfaces.swift in Sources */ = {isa = PBXBuildFile; fileRef = A312541E2B8D5495000E0643 /* CharacterInterfaces.swift */; };
		A31254252B8D5495000E0643 /* CharacterPresenter.swift in Sources */ = {isa = PBXBuildFile; fileRef = A312541F2B8D5495000E0643 /* CharacterPresenter.swift */; };
		A31254262B8D5495000E0643 /* CharacterPresenter.swift in Sources */ = {isa = PBXBuildFile; fileRef = A312541F2B8D5495000E0643 /* CharacterPresenter.swift */; };
		A31254272B8D5495000E0643 /* CharacterViewController.swift in Sources */ = {isa = PBXBuildFile; fileRef = A31254202B8D5495000E0643 /* CharacterViewController.swift */; };
		A31254282B8D5495000E0643 /* CharacterViewController.swift in Sources */ = {isa = PBXBuildFile; fileRef = A31254202B8D5495000E0643 /* CharacterViewController.swift */; };
		A31254292B8D5495000E0643 /* CharacterInteractor.swift in Sources */ = {isa = PBXBuildFile; fileRef = A31254212B8D5495000E0643 /* CharacterInteractor.swift */; };
		A312542A2B8D5495000E0643 /* CharacterInteractor.swift in Sources */ = {isa = PBXBuildFile; fileRef = A31254212B8D5495000E0643 /* CharacterInteractor.swift */; };
		A312542B2B8D5495000E0643 /* CharacterWireframe.swift in Sources */ = {isa = PBXBuildFile; fileRef = A31254222B8D5495000E0643 /* CharacterWireframe.swift */; };
		A312542C2B8D5495000E0643 /* CharacterWireframe.swift in Sources */ = {isa = PBXBuildFile; fileRef = A31254222B8D5495000E0643 /* CharacterWireframe.swift */; };
		A31254312B8D5544000E0643 /* ApiHandlerCharacter.swift in Sources */ = {isa = PBXBuildFile; fileRef = A31254302B8D5544000E0643 /* ApiHandlerCharacter.swift */; };
		A31254322B8D5544000E0643 /* ApiHandlerCharacter.swift in Sources */ = {isa = PBXBuildFile; fileRef = A31254302B8D5544000E0643 /* ApiHandlerCharacter.swift */; };
		A31254342B8D5572000E0643 /* ParseHandlerCharacter.swift in Sources */ = {isa = PBXBuildFile; fileRef = A31254332B8D5572000E0643 /* ParseHandlerCharacter.swift */; };
		A31254352B8D5572000E0643 /* ParseHandlerCharacter.swift in Sources */ = {isa = PBXBuildFile; fileRef = A31254332B8D5572000E0643 /* ParseHandlerCharacter.swift */; };
		A38C7F102B87B8E600747632 /* AppDelegate.swift in Sources */ = {isa = PBXBuildFile; fileRef = A38C7F0F2B87B8E600747632 /* AppDelegate.swift */; };
		A38C7F192B87B8E800747632 /* Assets.xcassets in Resources */ = {isa = PBXBuildFile; fileRef = A38C7F182B87B8E800747632 /* Assets.xcassets */; };
		A38C7F1C2B87B8E800747632 /* LaunchScreen.storyboard in Resources */ = {isa = PBXBuildFile; fileRef = A38C7F1A2B87B8E800747632 /* LaunchScreen.storyboard */; };
		A38C7F272B87B8E800747632 /* RickAndMortyTests.swift in Sources */ = {isa = PBXBuildFile; fileRef = A38C7F262B87B8E800747632 /* RickAndMortyTests.swift */; };
		A38C7F312B87B8E800747632 /* RickAndMortyUITests.swift in Sources */ = {isa = PBXBuildFile; fileRef = A38C7F302B87B8E800747632 /* RickAndMortyUITests.swift */; };
		A38C7F332B87B8E800747632 /* RickAndMortyUITestsLaunchTests.swift in Sources */ = {isa = PBXBuildFile; fileRef = A38C7F322B87B8E800747632 /* RickAndMortyUITestsLaunchTests.swift */; };
		A38C7F4E2B87B95A00747632 /* ExampleWireframe.swift in Sources */ = {isa = PBXBuildFile; fileRef = A38C7F412B87B95A00747632 /* ExampleWireframe.swift */; };
		A38C7F522B87B95A00747632 /* ExampleInterfaces.swift in Sources */ = {isa = PBXBuildFile; fileRef = A38C7F462B87B95A00747632 /* ExampleInterfaces.swift */; };
		A38C7F532B87B95A00747632 /* ExampleViewController.swift in Sources */ = {isa = PBXBuildFile; fileRef = A38C7F482B87B95A00747632 /* ExampleViewController.swift */; };
		A38C7F542B87B95A00747632 /* CustomTableViewCell.swift in Sources */ = {isa = PBXBuildFile; fileRef = A38C7F492B87B95A00747632 /* CustomTableViewCell.swift */; };
		A38C7F552B87B95A00747632 /* ExampleInteractor.swift in Sources */ = {isa = PBXBuildFile; fileRef = A38C7F4B2B87B95A00747632 /* ExampleInteractor.swift */; };
		A38C7F562B87B95A00747632 /* ExamplePresenter.swift in Sources */ = {isa = PBXBuildFile; fileRef = A38C7F4D2B87B95A00747632 /* ExamplePresenter.swift */; };
		A38C7F582B87BB4300747632 /* InfoAndPagination.swift in Sources */ = {isa = PBXBuildFile; fileRef = A38C7F572B87BB4300747632 /* InfoAndPagination.swift */; };
		A38C7F5A2B87BBB500747632 /* Info.swift in Sources */ = {isa = PBXBuildFile; fileRef = A38C7F592B87BBB500747632 /* Info.swift */; };
		A38C7F642B87CF6600747632 /* Character.swift in Sources */ = {isa = PBXBuildFile; fileRef = A38C7F632B87CF6600747632 /* Character.swift */; };
		A38C7F692B87E0AF00747632 /* Kingfisher in Frameworks */ = {isa = PBXBuildFile; productRef = A38C7F682B87E0AF00747632 /* Kingfisher */; };
		A38C7F6B2B87E9F500747632 /* Location.swift in Sources */ = {isa = PBXBuildFile; fileRef = A38C7F6A2B87E9F500747632 /* Location.swift */; };
		A38C7F6E2B87EC7C00747632 /* UIVIewExtension.swift in Sources */ = {isa = PBXBuildFile; fileRef = A38C7F6D2B87EC7C00747632 /* UIVIewExtension.swift */; };
		A38C7F782B87ED2F00747632 /* Sono-ExtraLight.ttf in Resources */ = {isa = PBXBuildFile; fileRef = A38C7F752B87ED0F00747632 /* Sono-ExtraLight.ttf */; };
		A38C7F792B87ED2F00747632 /* Sono-Bold.ttf in Resources */ = {isa = PBXBuildFile; fileRef = A38C7F732B87ED0F00747632 /* Sono-Bold.ttf */; };
		A38C7F7A2B87ED2F00747632 /* Sono-Regular.ttf in Resources */ = {isa = PBXBuildFile; fileRef = A38C7F722B87ED0F00747632 /* Sono-Regular.ttf */; };
		A38C7F7B2B87ED2F00747632 /* Sono-SemiBold.ttf in Resources */ = {isa = PBXBuildFile; fileRef = A38C7F712B87ED0E00747632 /* Sono-SemiBold.ttf */; };
		A38C7F7C2B87ED2F00747632 /* Sono-Light.ttf in Resources */ = {isa = PBXBuildFile; fileRef = A38C7F772B87ED0F00747632 /* Sono-Light.ttf */; };
		A38C7F7D2B87ED2F00747632 /* Sono-ExtraBold.ttf in Resources */ = {isa = PBXBuildFile; fileRef = A38C7F742B87ED0F00747632 /* Sono-ExtraBold.ttf */; };
		A38C7F7E2B87ED2F00747632 /* Sono-Medium.ttf in Resources */ = {isa = PBXBuildFile; fileRef = A38C7F762B87ED0F00747632 /* Sono-Medium.ttf */; };
		A38C7F812B87F47500747632 /* RickAndMortyColors.swift in Sources */ = {isa = PBXBuildFile; fileRef = A38C7F802B87F47500747632 /* RickAndMortyColors.swift */; };
		A38C7F832B87F53500747632 /* UIColor.swift in Sources */ = {isa = PBXBuildFile; fileRef = A38C7F822B87F53500747632 /* UIColor.swift */; };
		A38C7F852B8878F800747632 /* URLExtension.swift in Sources */ = {isa = PBXBuildFile; fileRef = A38C7F842B8878F800747632 /* URLExtension.swift */; };
		A38C7F872B89295900747632 /* ParseHandler.swift in Sources */ = {isa = PBXBuildFile; fileRef = A38C7F862B89295900747632 /* ParseHandler.swift */; };
		A38C7F892B8929D500747632 /* APIHandler.swift in Sources */ = {isa = PBXBuildFile; fileRef = A38C7F882B8929D500747632 /* APIHandler.swift */; };
/* End PBXBuildFile section */

/* Begin PBXContainerItemProxy section */
		A38C7F232B87B8E800747632 /* PBXContainerItemProxy */ = {
			isa = PBXContainerItemProxy;
			containerPortal = A38C7F042B87B8E600747632 /* Project object */;
			proxyType = 1;
			remoteGlobalIDString = A38C7F0B2B87B8E600747632;
			remoteInfo = RickAndMorty;
		};
		A38C7F2D2B87B8E800747632 /* PBXContainerItemProxy */ = {
			isa = PBXContainerItemProxy;
			containerPortal = A38C7F042B87B8E600747632 /* Project object */;
			proxyType = 1;
			remoteGlobalIDString = A38C7F0B2B87B8E600747632;
			remoteInfo = RickAndMorty;
		};
/* End PBXContainerItemProxy section */

/* Begin PBXFileReference section */
		A312541E2B8D5495000E0643 /* CharacterInterfaces.swift */ = {isa = PBXFileReference; lastKnownFileType = sourcecode.swift; path = CharacterInterfaces.swift; sourceTree = "<group>"; };
		A312541F2B8D5495000E0643 /* CharacterPresenter.swift */ = {isa = PBXFileReference; lastKnownFileType = sourcecode.swift; path = CharacterPresenter.swift; sourceTree = "<group>"; };
		A31254202B8D5495000E0643 /* CharacterViewController.swift */ = {isa = PBXFileReference; lastKnownFileType = sourcecode.swift; path = CharacterViewController.swift; sourceTree = "<group>"; };
		A31254212B8D5495000E0643 /* CharacterInteractor.swift */ = {isa = PBXFileReference; lastKnownFileType = sourcecode.swift; path = CharacterInteractor.swift; sourceTree = "<group>"; };
		A31254222B8D5495000E0643 /* CharacterWireframe.swift */ = {isa = PBXFileReference; lastKnownFileType = sourcecode.swift; path = CharacterWireframe.swift; sourceTree = "<group>"; };
		A31254302B8D5544000E0643 /* ApiHandlerCharacter.swift */ = {isa = PBXFileReference; lastKnownFileType = sourcecode.swift; path = ApiHandlerCharacter.swift; sourceTree = "<group>"; };
		A31254332B8D5572000E0643 /* ParseHandlerCharacter.swift */ = {isa = PBXFileReference; lastKnownFileType = sourcecode.swift; path = ParseHandlerCharacter.swift; sourceTree = "<group>"; };
		A38C7F0C2B87B8E600747632 /* RickAndMorty.app */ = {isa = PBXFileReference; explicitFileType = wrapper.application; includeInIndex = 0; path = RickAndMorty.app; sourceTree = BUILT_PRODUCTS_DIR; };
		A38C7F0F2B87B8E600747632 /* AppDelegate.swift */ = {isa = PBXFileReference; lastKnownFileType = sourcecode.swift; path = AppDelegate.swift; sourceTree = "<group>"; };
		A38C7F182B87B8E800747632 /* Assets.xcassets */ = {isa = PBXFileReference; lastKnownFileType = folder.assetcatalog; path = Assets.xcassets; sourceTree = "<group>"; };
		A38C7F1B2B87B8E800747632 /* Base */ = {isa = PBXFileReference; lastKnownFileType = file.storyboard; name = Base; path = Base.lproj/LaunchScreen.storyboard; sourceTree = "<group>"; };
		A38C7F222B87B8E800747632 /* RickAndMortyTests.xctest */ = {isa = PBXFileReference; explicitFileType = wrapper.cfbundle; includeInIndex = 0; path = RickAndMortyTests.xctest; sourceTree = BUILT_PRODUCTS_DIR; };
		A38C7F262B87B8E800747632 /* RickAndMortyTests.swift */ = {isa = PBXFileReference; lastKnownFileType = sourcecode.swift; path = RickAndMortyTests.swift; sourceTree = "<group>"; };
		A38C7F2C2B87B8E800747632 /* RickAndMortyUITests.xctest */ = {isa = PBXFileReference; explicitFileType = wrapper.cfbundle; includeInIndex = 0; path = RickAndMortyUITests.xctest; sourceTree = BUILT_PRODUCTS_DIR; };
		A38C7F302B87B8E800747632 /* RickAndMortyUITests.swift */ = {isa = PBXFileReference; lastKnownFileType = sourcecode.swift; path = RickAndMortyUITests.swift; sourceTree = "<group>"; };
		A38C7F322B87B8E800747632 /* RickAndMortyUITestsLaunchTests.swift */ = {isa = PBXFileReference; lastKnownFileType = sourcecode.swift; path = RickAndMortyUITestsLaunchTests.swift; sourceTree = "<group>"; };
		A38C7F412B87B95A00747632 /* ExampleWireframe.swift */ = {isa = PBXFileReference; fileEncoding = 4; lastKnownFileType = sourcecode.swift; path = ExampleWireframe.swift; sourceTree = "<group>"; };
		A38C7F462B87B95A00747632 /* ExampleInterfaces.swift */ = {isa = PBXFileReference; fileEncoding = 4; lastKnownFileType = sourcecode.swift; path = ExampleInterfaces.swift; sourceTree = "<group>"; };
		A38C7F482B87B95A00747632 /* ExampleViewController.swift */ = {isa = PBXFileReference; fileEncoding = 4; lastKnownFileType = sourcecode.swift; path = ExampleViewController.swift; sourceTree = "<group>"; };
		A38C7F492B87B95A00747632 /* CustomTableViewCell.swift */ = {isa = PBXFileReference; fileEncoding = 4; lastKnownFileType = sourcecode.swift; path = CustomTableViewCell.swift; sourceTree = "<group>"; };
		A38C7F4B2B87B95A00747632 /* ExampleInteractor.swift */ = {isa = PBXFileReference; fileEncoding = 4; lastKnownFileType = sourcecode.swift; path = ExampleInteractor.swift; sourceTree = "<group>"; };
		A38C7F4D2B87B95A00747632 /* ExamplePresenter.swift */ = {isa = PBXFileReference; fileEncoding = 4; lastKnownFileType = sourcecode.swift; path = ExamplePresenter.swift; sourceTree = "<group>"; };
		A38C7F572B87BB4300747632 /* InfoAndPagination.swift */ = {isa = PBXFileReference; lastKnownFileType = sourcecode.swift; path = InfoAndPagination.swift; sourceTree = "<group>"; };
		A38C7F592B87BBB500747632 /* Info.swift */ = {isa = PBXFileReference; lastKnownFileType = sourcecode.swift; path = Info.swift; sourceTree = "<group>"; };
		A38C7F632B87CF6600747632 /* Character.swift */ = {isa = PBXFileReference; lastKnownFileType = sourcecode.swift; path = Character.swift; sourceTree = "<group>"; };
		A38C7F6A2B87E9F500747632 /* Location.swift */ = {isa = PBXFileReference; lastKnownFileType = sourcecode.swift; path = Location.swift; sourceTree = "<group>"; };
		A38C7F6D2B87EC7C00747632 /* UIVIewExtension.swift */ = {isa = PBXFileReference; lastKnownFileType = sourcecode.swift; path = UIVIewExtension.swift; sourceTree = "<group>"; };
		A38C7F712B87ED0E00747632 /* Sono-SemiBold.ttf */ = {isa = PBXFileReference; lastKnownFileType = file; path = "Sono-SemiBold.ttf"; sourceTree = "<group>"; };
		A38C7F722B87ED0F00747632 /* Sono-Regular.ttf */ = {isa = PBXFileReference; lastKnownFileType = file; path = "Sono-Regular.ttf"; sourceTree = "<group>"; };
		A38C7F732B87ED0F00747632 /* Sono-Bold.ttf */ = {isa = PBXFileReference; lastKnownFileType = file; path = "Sono-Bold.ttf"; sourceTree = "<group>"; };
		A38C7F742B87ED0F00747632 /* Sono-ExtraBold.ttf */ = {isa = PBXFileReference; lastKnownFileType = file; path = "Sono-ExtraBold.ttf"; sourceTree = "<group>"; };
		A38C7F752B87ED0F00747632 /* Sono-ExtraLight.ttf */ = {isa = PBXFileReference; lastKnownFileType = file; path = "Sono-ExtraLight.ttf"; sourceTree = "<group>"; };
		A38C7F762B87ED0F00747632 /* Sono-Medium.ttf */ = {isa = PBXFileReference; lastKnownFileType = file; path = "Sono-Medium.ttf"; sourceTree = "<group>"; };
		A38C7F772B87ED0F00747632 /* Sono-Light.ttf */ = {isa = PBXFileReference; lastKnownFileType = file; path = "Sono-Light.ttf"; sourceTree = "<group>"; };
		A38C7F802B87F47500747632 /* RickAndMortyColors.swift */ = {isa = PBXFileReference; lastKnownFileType = sourcecode.swift; path = RickAndMortyColors.swift; sourceTree = "<group>"; };
		A38C7F822B87F53500747632 /* UIColor.swift */ = {isa = PBXFileReference; lastKnownFileType = sourcecode.swift; path = UIColor.swift; sourceTree = "<group>"; };
		A38C7F842B8878F800747632 /* URLExtension.swift */ = {isa = PBXFileReference; lastKnownFileType = sourcecode.swift; path = URLExtension.swift; sourceTree = "<group>"; };
		A38C7F862B89295900747632 /* ParseHandler.swift */ = {isa = PBXFileReference; lastKnownFileType = sourcecode.swift; path = ParseHandler.swift; sourceTree = "<group>"; };
		A38C7F882B8929D500747632 /* APIHandler.swift */ = {isa = PBXFileReference; lastKnownFileType = sourcecode.swift; path = APIHandler.swift; sourceTree = "<group>"; };
/* End PBXFileReference section */

/* Begin PBXFrameworksBuildPhase section */
		A38C7F092B87B8E600747632 /* Frameworks */ = {
			isa = PBXFrameworksBuildPhase;
			buildActionMask = 2147483647;
			files = (
				A38C7F692B87E0AF00747632 /* Kingfisher in Frameworks */,
			);
			runOnlyForDeploymentPostprocessing = 0;
		};
		A38C7F1F2B87B8E800747632 /* Frameworks */ = {
			isa = PBXFrameworksBuildPhase;
			buildActionMask = 2147483647;
			files = (
			);
			runOnlyForDeploymentPostprocessing = 0;
		};
		A38C7F292B87B8E800747632 /* Frameworks */ = {
			isa = PBXFrameworksBuildPhase;
			buildActionMask = 2147483647;
			files = (
			);
			runOnlyForDeploymentPostprocessing = 0;
		};
/* End PBXFrameworksBuildPhase section */

/* Begin PBXGroup section */
		A312541D2B8D5398000E0643 /* Character */ = {
			isa = PBXGroup;
			children = (
				A312541E2B8D5495000E0643 /* CharacterInterfaces.swift */,
				A31254372B8D5A37000E0643 /* View */,
				A31254362B8D5A2A000E0643 /* Router */,
				A312542D2B8D5509000E0643 /* Entity */,
				A312542E2B8D5513000E0643 /* Interactor */,
				A312542F2B8D551E000E0643 /* Presenter */,
			);
			path = Character;
			sourceTree = "<group>";
		};
		A312542D2B8D5509000E0643 /* Entity */ = {
			isa = PBXGroup;
			children = (
			);
			path = Entity;
			sourceTree = "<group>";
		};
		A312542E2B8D5513000E0643 /* Interactor */ = {
			isa = PBXGroup;
			children = (
				A31254212B8D5495000E0643 /* CharacterInteractor.swift */,
				A31254302B8D5544000E0643 /* ApiHandlerCharacter.swift */,
				A31254332B8D5572000E0643 /* ParseHandlerCharacter.swift */,
			);
			path = Interactor;
			sourceTree = "<group>";
		};
		A312542F2B8D551E000E0643 /* Presenter */ = {
			isa = PBXGroup;
			children = (
				A312541F2B8D5495000E0643 /* CharacterPresenter.swift */,
			);
			path = Presenter;
			sourceTree = "<group>";
		};
		A31254362B8D5A2A000E0643 /* Router */ = {
			isa = PBXGroup;
			children = (
				A31254222B8D5495000E0643 /* CharacterWireframe.swift */,
			);
			path = Router;
			sourceTree = "<group>";
		};
		A31254372B8D5A37000E0643 /* View */ = {
			isa = PBXGroup;
			children = (
				A31254202B8D5495000E0643 /* CharacterViewController.swift */,
			);
			path = View;
			sourceTree = "<group>";
		};
		A38C7F032B87B8E600747632 = {
			isa = PBXGroup;
			children = (
				A38C7F0E2B87B8E600747632 /* RickAndMorty */,
				A38C7F252B87B8E800747632 /* RickAndMortyTests */,
				A38C7F2F2B87B8E800747632 /* RickAndMortyUITests */,
				A38C7F0D2B87B8E600747632 /* Products */,
			);
			sourceTree = "<group>";
		};
		A38C7F0D2B87B8E600747632 /* Products */ = {
			isa = PBXGroup;
			children = (
				A38C7F0C2B87B8E600747632 /* RickAndMorty.app */,
				A38C7F222B87B8E800747632 /* RickAndMortyTests.xctest */,
				A38C7F2C2B87B8E800747632 /* RickAndMortyUITests.xctest */,
			);
			name = Products;
			sourceTree = "<group>";
		};
		A38C7F0E2B87B8E600747632 /* RickAndMorty */ = {
			isa = PBXGroup;
			children = (
				A312541D2B8D5398000E0643 /* Character */,
				A38C7F6C2B87EC6800747632 /* Utilities */,
				A38C7F3F2B87B93100747632 /* ExampleVIPER */,
				A38C7F0F2B87B8E600747632 /* AppDelegate.swift */,
				A38C7F182B87B8E800747632 /* Assets.xcassets */,
				A38C7F1A2B87B8E800747632 /* LaunchScreen.storyboard */,
			);
			path = RickAndMorty;
			sourceTree = "<group>";
		};
		A38C7F252B87B8E800747632 /* RickAndMortyTests */ = {
			isa = PBXGroup;
			children = (
				A38C7F262B87B8E800747632 /* RickAndMortyTests.swift */,
			);
			path = RickAndMortyTests;
			sourceTree = "<group>";
		};
		A38C7F2F2B87B8E800747632 /* RickAndMortyUITests */ = {
			isa = PBXGroup;
			children = (
				A38C7F302B87B8E800747632 /* RickAndMortyUITests.swift */,
				A38C7F322B87B8E800747632 /* RickAndMortyUITestsLaunchTests.swift */,
			);
			path = RickAndMortyUITests;
			sourceTree = "<group>";
		};
		A38C7F3F2B87B93100747632 /* ExampleVIPER */ = {
			isa = PBXGroup;
			children = (
				A38C7F462B87B95A00747632 /* ExampleInterfaces.swift */,
				A38C7F422B87B95A00747632 /* Entity */,
				A38C7F4A2B87B95A00747632 /* Interactor */,
				A38C7F4C2B87B95A00747632 /* Presenter */,
				A38C7F402B87B95A00747632 /* Router */,
				A38C7F472B87B95A00747632 /* View */,
			);
			path = ExampleVIPER;
			sourceTree = "<group>";
		};
		A38C7F402B87B95A00747632 /* Router */ = {
			isa = PBXGroup;
			children = (
				A38C7F412B87B95A00747632 /* ExampleWireframe.swift */,
			);
			path = Router;
			sourceTree = "<group>";
		};
		A38C7F422B87B95A00747632 /* Entity */ = {
			isa = PBXGroup;
			children = (
				A38C7F572B87BB4300747632 /* InfoAndPagination.swift */,
				A38C7F592B87BBB500747632 /* Info.swift */,
				A38C7F632B87CF6600747632 /* Character.swift */,
				A38C7F6A2B87E9F500747632 /* Location.swift */,
			);
			path = Entity;
			sourceTree = "<group>";
		};
		A38C7F472B87B95A00747632 /* View */ = {
			isa = PBXGroup;
			children = (
				A38C7F482B87B95A00747632 /* ExampleViewController.swift */,
				A38C7F492B87B95A00747632 /* CustomTableViewCell.swift */,
			);
			path = View;
			sourceTree = "<group>";
		};
		A38C7F4A2B87B95A00747632 /* Interactor */ = {
			isa = PBXGroup;
			children = (
				A38C7F4B2B87B95A00747632 /* ExampleInteractor.swift */,
				A38C7F862B89295900747632 /* ParseHandler.swift */,
				A38C7F882B8929D500747632 /* APIHandler.swift */,
			);
			path = Interactor;
			sourceTree = "<group>";
		};
		A38C7F4C2B87B95A00747632 /* Presenter */ = {
			isa = PBXGroup;
			children = (
				A38C7F4D2B87B95A00747632 /* ExamplePresenter.swift */,
			);
			path = Presenter;
			sourceTree = "<group>";
		};
		A38C7F6C2B87EC6800747632 /* Utilities */ = {
			isa = PBXGroup;
			children = (
				A38C7F7F2B87F46500747632 /* Colors */,
				A38C7F702B87ECFC00747632 /* Fonts */,
				A38C7F6F2B87ECF500747632 /* Extensions */,
			);
			path = Utilities;
			sourceTree = "<group>";
		};
		A38C7F6F2B87ECF500747632 /* Extensions */ = {
			isa = PBXGroup;
			children = (
				A38C7F6D2B87EC7C00747632 /* UIVIewExtension.swift */,
				A38C7F822B87F53500747632 /* UIColor.swift */,
				A38C7F842B8878F800747632 /* URLExtension.swift */,
			);
			path = Extensions;
			sourceTree = "<group>";
		};
		A38C7F702B87ECFC00747632 /* Fonts */ = {
			isa = PBXGroup;
			children = (
				A38C7F732B87ED0F00747632 /* Sono-Bold.ttf */,
				A38C7F742B87ED0F00747632 /* Sono-ExtraBold.ttf */,
				A38C7F752B87ED0F00747632 /* Sono-ExtraLight.ttf */,
				A38C7F772B87ED0F00747632 /* Sono-Light.ttf */,
				A38C7F762B87ED0F00747632 /* Sono-Medium.ttf */,
				A38C7F722B87ED0F00747632 /* Sono-Regular.ttf */,
				A38C7F712B87ED0E00747632 /* Sono-SemiBold.ttf */,
			);
			path = Fonts;
			sourceTree = "<group>";
		};
		A38C7F7F2B87F46500747632 /* Colors */ = {
			isa = PBXGroup;
			children = (
				A38C7F802B87F47500747632 /* RickAndMortyColors.swift */,
			);
			path = Colors;
			sourceTree = "<group>";
		};
/* End PBXGroup section */

/* Begin PBXNativeTarget section */
		A38C7F0B2B87B8E600747632 /* RickAndMorty */ = {
			isa = PBXNativeTarget;
			buildConfigurationList = A38C7F362B87B8E800747632 /* Build configuration list for PBXNativeTarget "RickAndMorty" */;
			buildPhases = (
				A38C7F082B87B8E600747632 /* Sources */,
				A38C7F092B87B8E600747632 /* Frameworks */,
				A38C7F0A2B87B8E600747632 /* Resources */,
			);
			buildRules = (
			);
			dependencies = (
			);
			name = RickAndMorty;
			packageProductDependencies = (
				A38C7F682B87E0AF00747632 /* Kingfisher */,
			);
			productName = RickAndMorty;
			productReference = A38C7F0C2B87B8E600747632 /* RickAndMorty.app */;
			productType = "com.apple.product-type.application";
		};
		A38C7F212B87B8E800747632 /* RickAndMortyTests */ = {
			isa = PBXNativeTarget;
			buildConfigurationList = A38C7F392B87B8E800747632 /* Build configuration list for PBXNativeTarget "RickAndMortyTests" */;
			buildPhases = (
				A38C7F1E2B87B8E800747632 /* Sources */,
				A38C7F1F2B87B8E800747632 /* Frameworks */,
				A38C7F202B87B8E800747632 /* Resources */,
			);
			buildRules = (
			);
			dependencies = (
				A38C7F242B87B8E800747632 /* PBXTargetDependency */,
			);
			name = RickAndMortyTests;
			productName = RickAndMortyTests;
			productReference = A38C7F222B87B8E800747632 /* RickAndMortyTests.xctest */;
			productType = "com.apple.product-type.bundle.unit-test";
		};
		A38C7F2B2B87B8E800747632 /* RickAndMortyUITests */ = {
			isa = PBXNativeTarget;
			buildConfigurationList = A38C7F3C2B87B8E800747632 /* Build configuration list for PBXNativeTarget "RickAndMortyUITests" */;
			buildPhases = (
				A38C7F282B87B8E800747632 /* Sources */,
				A38C7F292B87B8E800747632 /* Frameworks */,
				A38C7F2A2B87B8E800747632 /* Resources */,
			);
			buildRules = (
			);
			dependencies = (
				A38C7F2E2B87B8E800747632 /* PBXTargetDependency */,
			);
			name = RickAndMortyUITests;
			productName = RickAndMortyUITests;
			productReference = A38C7F2C2B87B8E800747632 /* RickAndMortyUITests.xctest */;
			productType = "com.apple.product-type.bundle.ui-testing";
		};
/* End PBXNativeTarget section */

/* Begin PBXProject section */
		A38C7F042B87B8E600747632 /* Project object */ = {
			isa = PBXProject;
			attributes = {
				BuildIndependentTargetsInParallel = 1;
				LastSwiftUpdateCheck = 1520;
				LastUpgradeCheck = 1520;
				TargetAttributes = {
					A38C7F0B2B87B8E600747632 = {
						CreatedOnToolsVersion = 15.2;
					};
					A38C7F212B87B8E800747632 = {
						CreatedOnToolsVersion = 15.2;
						TestTargetID = A38C7F0B2B87B8E600747632;
					};
					A38C7F2B2B87B8E800747632 = {
						CreatedOnToolsVersion = 15.2;
						TestTargetID = A38C7F0B2B87B8E600747632;
					};
				};
			};
			buildConfigurationList = A38C7F072B87B8E600747632 /* Build configuration list for PBXProject "RickAndMorty" */;
			compatibilityVersion = "Xcode 14.0";
			developmentRegion = en;
			hasScannedForEncodings = 0;
			knownRegions = (
				en,
				Base,
			);
			mainGroup = A38C7F032B87B8E600747632;
			packageReferences = (
				A38C7F672B87E0AE00747632 /* XCRemoteSwiftPackageReference "Kingfisher" */,
			);
			productRefGroup = A38C7F0D2B87B8E600747632 /* Products */;
			projectDirPath = "";
			projectRoot = "";
			targets = (
				A38C7F0B2B87B8E600747632 /* RickAndMorty */,
				A38C7F212B87B8E800747632 /* RickAndMortyTests */,
				A38C7F2B2B87B8E800747632 /* RickAndMortyUITests */,
			);
		};
/* End PBXProject section */

/* Begin PBXResourcesBuildPhase section */
		A38C7F0A2B87B8E600747632 /* Resources */ = {
			isa = PBXResourcesBuildPhase;
			buildActionMask = 2147483647;
			files = (
				A38C7F7B2B87ED2F00747632 /* Sono-SemiBold.ttf in Resources */,
				A38C7F7C2B87ED2F00747632 /* Sono-Light.ttf in Resources */,
				A38C7F7A2B87ED2F00747632 /* Sono-Regular.ttf in Resources */,
				A38C7F1C2B87B8E800747632 /* LaunchScreen.storyboard in Resources */,
				A38C7F192B87B8E800747632 /* Assets.xcassets in Resources */,
				A38C7F792B87ED2F00747632 /* Sono-Bold.ttf in Resources */,
				A38C7F7E2B87ED2F00747632 /* Sono-Medium.ttf in Resources */,
				A38C7F782B87ED2F00747632 /* Sono-ExtraLight.ttf in Resources */,
				A38C7F7D2B87ED2F00747632 /* Sono-ExtraBold.ttf in Resources */,
			);
			runOnlyForDeploymentPostprocessing = 0;
		};
		A38C7F202B87B8E800747632 /* Resources */ = {
			isa = PBXResourcesBuildPhase;
			buildActionMask = 2147483647;
			files = (
			);
			runOnlyForDeploymentPostprocessing = 0;
		};
		A38C7F2A2B87B8E800747632 /* Resources */ = {
			isa = PBXResourcesBuildPhase;
			buildActionMask = 2147483647;
			files = (
			);
			runOnlyForDeploymentPostprocessing = 0;
		};
/* End PBXResourcesBuildPhase section */

/* Begin PBXSourcesBuildPhase section */
		A38C7F082B87B8E600747632 /* Sources */ = {
			isa = PBXSourcesBuildPhase;
			buildActionMask = 2147483647;
			files = (
				A38C7F562B87B95A00747632 /* ExamplePresenter.swift in Sources */,
				A38C7F832B87F53500747632 /* UIColor.swift in Sources */,
				A38C7F6B2B87E9F500747632 /* Location.swift in Sources */,
				A38C7F522B87B95A00747632 /* ExampleInterfaces.swift in Sources */,
				A38C7F102B87B8E600747632 /* AppDelegate.swift in Sources */,
				A38C7F852B8878F800747632 /* URLExtension.swift in Sources */,
				A38C7F872B89295900747632 /* ParseHandler.swift in Sources */,
				A38C7F812B87F47500747632 /* RickAndMortyColors.swift in Sources */,
				A312542B2B8D5495000E0643 /* CharacterWireframe.swift in Sources */,
				A38C7F542B87B95A00747632 /* CustomTableViewCell.swift in Sources */,
				A38C7F582B87BB4300747632 /* InfoAndPagination.swift in Sources */,
				A38C7F6E2B87EC7C00747632 /* UIVIewExtension.swift in Sources */,
				A38C7F4E2B87B95A00747632 /* ExampleWireframe.swift in Sources */,
				A38C7F552B87B95A00747632 /* ExampleInteractor.swift in Sources */,
				A31254292B8D5495000E0643 /* CharacterInteractor.swift in Sources */,
				A38C7F642B87CF6600747632 /* Character.swift in Sources */,
				A31254252B8D5495000E0643 /* CharacterPresenter.swift in Sources */,
				A38C7F532B87B95A00747632 /* ExampleViewController.swift in Sources */,
				A31254342B8D5572000E0643 /* ParseHandlerCharacter.swift in Sources */,
				A31254272B8D5495000E0643 /* CharacterViewController.swift in Sources */,
				A38C7F892B8929D500747632 /* APIHandler.swift in Sources */,
				A31254312B8D5544000E0643 /* ApiHandlerCharacter.swift in Sources */,
				A38C7F5A2B87BBB500747632 /* Info.swift in Sources */,
				A31254232B8D5495000E0643 /* CharacterInterfaces.swift in Sources */,
			);
			runOnlyForDeploymentPostprocessing = 0;
		};
		A38C7F1E2B87B8E800747632 /* Sources */ = {
			isa = PBXSourcesBuildPhase;
			buildActionMask = 2147483647;
			files = (
				A31254192B8D3C69000E0643 /* UIVIewExtension.swift in Sources */,
				A31254102B8D3BF0000E0643 /* ExamplePresenter.swift in Sources */,
				A38C7F272B87B8E800747632 /* RickAndMortyTests.swift in Sources */,
				A31254142B8D3C0C000E0643 /* ExampleInterfaces.swift in Sources */,
				A31254172B8D3C21000E0643 /* Character.swift in Sources */,
				A312541A2B8D3C69000E0643 /* URLExtension.swift in Sources */,
				A312541C2B8D3C69000E0643 /* UIColor.swift in Sources */,
				A31254132B8D3BFC000E0643 /* CustomTableViewCell.swift in Sources */,
				A312542C2B8D5495000E0643 /* CharacterWireframe.swift in Sources */,
				A312540D2B8D3911000E0643 /* ExampleInteractor.swift in Sources */,
				A31254182B8D3C21000E0643 /* Location.swift in Sources */,
				A312540E2B8D3A1B000E0643 /* ParseHandler.swift in Sources */,
				A31254122B8D3BF8000E0643 /* ExampleViewController.swift in Sources */,
				A312540F2B8D3A1D000E0643 /* APIHandler.swift in Sources */,
				A312542A2B8D5495000E0643 /* CharacterInteractor.swift in Sources */,
				A312541B2B8D3C69000E0643 /* RickAndMortyColors.swift in Sources */,
				A31254262B8D5495000E0643 /* CharacterPresenter.swift in Sources */,
				A31254112B8D3BF4000E0643 /* ExampleWireframe.swift in Sources */,
				A31254352B8D5572000E0643 /* ParseHandlerCharacter.swift in Sources */,
				A31254282B8D5495000E0643 /* CharacterViewController.swift in Sources */,
				A31254152B8D3C1B000E0643 /* InfoAndPagination.swift in Sources */,
				A31254322B8D5544000E0643 /* ApiHandlerCharacter.swift in Sources */,
				A31254162B8D3C21000E0643 /* Info.swift in Sources */,
				A31254242B8D5495000E0643 /* CharacterInterfaces.swift in Sources */,
			);
			runOnlyForDeploymentPostprocessing = 0;
		};
		A38C7F282B87B8E800747632 /* Sources */ = {
			isa = PBXSourcesBuildPhase;
			buildActionMask = 2147483647;
			files = (
				A38C7F312B87B8E800747632 /* RickAndMortyUITests.swift in Sources */,
				A38C7F332B87B8E800747632 /* RickAndMortyUITestsLaunchTests.swift in Sources */,
			);
			runOnlyForDeploymentPostprocessing = 0;
		};
/* End PBXSourcesBuildPhase section */

/* Begin PBXTargetDependency section */
		A38C7F242B87B8E800747632 /* PBXTargetDependency */ = {
			isa = PBXTargetDependency;
			target = A38C7F0B2B87B8E600747632 /* RickAndMorty */;
			targetProxy = A38C7F232B87B8E800747632 /* PBXContainerItemProxy */;
		};
		A38C7F2E2B87B8E800747632 /* PBXTargetDependency */ = {
			isa = PBXTargetDependency;
			target = A38C7F0B2B87B8E600747632 /* RickAndMorty */;
			targetProxy = A38C7F2D2B87B8E800747632 /* PBXContainerItemProxy */;
		};
/* End PBXTargetDependency section */

/* Begin PBXVariantGroup section */
		A38C7F1A2B87B8E800747632 /* LaunchScreen.storyboard */ = {
			isa = PBXVariantGroup;
			children = (
				A38C7F1B2B87B8E800747632 /* Base */,
			);
			name = LaunchScreen.storyboard;
			sourceTree = "<group>";
		};
/* End PBXVariantGroup section */

/* Begin XCBuildConfiguration section */
		A38C7F342B87B8E800747632 /* Debug */ = {
			isa = XCBuildConfiguration;
			buildSettings = {
				ALWAYS_SEARCH_USER_PATHS = NO;
				ASSETCATALOG_COMPILER_GENERATE_SWIFT_ASSET_SYMBOL_EXTENSIONS = YES;
				CLANG_ANALYZER_NONNULL = YES;
				CLANG_ANALYZER_NUMBER_OBJECT_CONVERSION = YES_AGGRESSIVE;
				CLANG_CXX_LANGUAGE_STANDARD = "gnu++20";
				CLANG_ENABLE_MODULES = YES;
				CLANG_ENABLE_OBJC_ARC = YES;
				CLANG_ENABLE_OBJC_WEAK = YES;
				CLANG_WARN_BLOCK_CAPTURE_AUTORELEASING = YES;
				CLANG_WARN_BOOL_CONVERSION = YES;
				CLANG_WARN_COMMA = YES;
				CLANG_WARN_CONSTANT_CONVERSION = YES;
				CLANG_WARN_DEPRECATED_OBJC_IMPLEMENTATIONS = YES;
				CLANG_WARN_DIRECT_OBJC_ISA_USAGE = YES_ERROR;
				CLANG_WARN_DOCUMENTATION_COMMENTS = YES;
				CLANG_WARN_EMPTY_BODY = YES;
				CLANG_WARN_ENUM_CONVERSION = YES;
				CLANG_WARN_INFINITE_RECURSION = YES;
				CLANG_WARN_INT_CONVERSION = YES;
				CLANG_WARN_NON_LITERAL_NULL_CONVERSION = YES;
				CLANG_WARN_OBJC_IMPLICIT_RETAIN_SELF = YES;
				CLANG_WARN_OBJC_LITERAL_CONVERSION = YES;
				CLANG_WARN_OBJC_ROOT_CLASS = YES_ERROR;
				CLANG_WARN_QUOTED_INCLUDE_IN_FRAMEWORK_HEADER = YES;
				CLANG_WARN_RANGE_LOOP_ANALYSIS = YES;
				CLANG_WARN_STRICT_PROTOTYPES = YES;
				CLANG_WARN_SUSPICIOUS_MOVE = YES;
				CLANG_WARN_UNGUARDED_AVAILABILITY = YES_AGGRESSIVE;
				CLANG_WARN_UNREACHABLE_CODE = YES;
				CLANG_WARN__DUPLICATE_METHOD_MATCH = YES;
				COPY_PHASE_STRIP = NO;
				DEBUG_INFORMATION_FORMAT = dwarf;
				ENABLE_STRICT_OBJC_MSGSEND = YES;
				ENABLE_TESTABILITY = YES;
				ENABLE_USER_SCRIPT_SANDBOXING = YES;
				GCC_C_LANGUAGE_STANDARD = gnu17;
				GCC_DYNAMIC_NO_PIC = NO;
				GCC_NO_COMMON_BLOCKS = YES;
				GCC_OPTIMIZATION_LEVEL = 0;
				GCC_PREPROCESSOR_DEFINITIONS = (
					"DEBUG=1",
					"$(inherited)",
				);
				GCC_WARN_64_TO_32_BIT_CONVERSION = YES;
				GCC_WARN_ABOUT_RETURN_TYPE = YES_ERROR;
				GCC_WARN_UNDECLARED_SELECTOR = YES;
				GCC_WARN_UNINITIALIZED_AUTOS = YES_AGGRESSIVE;
				GCC_WARN_UNUSED_FUNCTION = YES;
				GCC_WARN_UNUSED_VARIABLE = YES;
				IPHONEOS_DEPLOYMENT_TARGET = 17.2;
				LOCALIZATION_PREFERS_STRING_CATALOGS = YES;
				MTL_ENABLE_DEBUG_INFO = INCLUDE_SOURCE;
				MTL_FAST_MATH = YES;
				ONLY_ACTIVE_ARCH = YES;
				SDKROOT = iphoneos;
				SWIFT_ACTIVE_COMPILATION_CONDITIONS = "DEBUG $(inherited)";
				SWIFT_OPTIMIZATION_LEVEL = "-Onone";
			};
			name = Debug;
		};
		A38C7F352B87B8E800747632 /* Release */ = {
			isa = XCBuildConfiguration;
			buildSettings = {
				ALWAYS_SEARCH_USER_PATHS = NO;
				ASSETCATALOG_COMPILER_GENERATE_SWIFT_ASSET_SYMBOL_EXTENSIONS = YES;
				CLANG_ANALYZER_NONNULL = YES;
				CLANG_ANALYZER_NUMBER_OBJECT_CONVERSION = YES_AGGRESSIVE;
				CLANG_CXX_LANGUAGE_STANDARD = "gnu++20";
				CLANG_ENABLE_MODULES = YES;
				CLANG_ENABLE_OBJC_ARC = YES;
				CLANG_ENABLE_OBJC_WEAK = YES;
				CLANG_WARN_BLOCK_CAPTURE_AUTORELEASING = YES;
				CLANG_WARN_BOOL_CONVERSION = YES;
				CLANG_WARN_COMMA = YES;
				CLANG_WARN_CONSTANT_CONVERSION = YES;
				CLANG_WARN_DEPRECATED_OBJC_IMPLEMENTATIONS = YES;
				CLANG_WARN_DIRECT_OBJC_ISA_USAGE = YES_ERROR;
				CLANG_WARN_DOCUMENTATION_COMMENTS = YES;
				CLANG_WARN_EMPTY_BODY = YES;
				CLANG_WARN_ENUM_CONVERSION = YES;
				CLANG_WARN_INFINITE_RECURSION = YES;
				CLANG_WARN_INT_CONVERSION = YES;
				CLANG_WARN_NON_LITERAL_NULL_CONVERSION = YES;
				CLANG_WARN_OBJC_IMPLICIT_RETAIN_SELF = YES;
				CLANG_WARN_OBJC_LITERAL_CONVERSION = YES;
				CLANG_WARN_OBJC_ROOT_CLASS = YES_ERROR;
				CLANG_WARN_QUOTED_INCLUDE_IN_FRAMEWORK_HEADER = YES;
				CLANG_WARN_RANGE_LOOP_ANALYSIS = YES;
				CLANG_WARN_STRICT_PROTOTYPES = YES;
				CLANG_WARN_SUSPICIOUS_MOVE = YES;
				CLANG_WARN_UNGUARDED_AVAILABILITY = YES_AGGRESSIVE;
				CLANG_WARN_UNREACHABLE_CODE = YES;
				CLANG_WARN__DUPLICATE_METHOD_MATCH = YES;
				COPY_PHASE_STRIP = NO;
				DEBUG_INFORMATION_FORMAT = "dwarf-with-dsym";
				ENABLE_NS_ASSERTIONS = NO;
				ENABLE_STRICT_OBJC_MSGSEND = YES;
				ENABLE_USER_SCRIPT_SANDBOXING = YES;
				GCC_C_LANGUAGE_STANDARD = gnu17;
				GCC_NO_COMMON_BLOCKS = YES;
				GCC_WARN_64_TO_32_BIT_CONVERSION = YES;
				GCC_WARN_ABOUT_RETURN_TYPE = YES_ERROR;
				GCC_WARN_UNDECLARED_SELECTOR = YES;
				GCC_WARN_UNINITIALIZED_AUTOS = YES_AGGRESSIVE;
				GCC_WARN_UNUSED_FUNCTION = YES;
				GCC_WARN_UNUSED_VARIABLE = YES;
				IPHONEOS_DEPLOYMENT_TARGET = 17.2;
				LOCALIZATION_PREFERS_STRING_CATALOGS = YES;
				MTL_ENABLE_DEBUG_INFO = NO;
				MTL_FAST_MATH = YES;
				SDKROOT = iphoneos;
				SWIFT_COMPILATION_MODE = wholemodule;
				VALIDATE_PRODUCT = YES;
			};
			name = Release;
		};
		A38C7F372B87B8E800747632 /* Debug */ = {
			isa = XCBuildConfiguration;
			buildSettings = {
				ASSETCATALOG_COMPILER_APPICON_NAME = AppIcon;
				ASSETCATALOG_COMPILER_GLOBAL_ACCENT_COLOR_NAME = AccentColor;
				CODE_SIGN_STYLE = Automatic;
				CURRENT_PROJECT_VERSION = 1;
				DEVELOPMENT_TEAM = 28GWAF24BT;
				GENERATE_INFOPLIST_FILE = YES;
				INFOPLIST_FILE = RickAndMorty/Info.plist;
				INFOPLIST_KEY_UIApplicationSupportsIndirectInputEvents = YES;
				INFOPLIST_KEY_UILaunchStoryboardName = LaunchScreen;
				INFOPLIST_KEY_UIMainStoryboardFile = "";
				INFOPLIST_KEY_UIStatusBarStyle = UIStatusBarStyleDarkContent;
				INFOPLIST_KEY_UISupportedInterfaceOrientations = UIInterfaceOrientationPortrait;
				LD_RUNPATH_SEARCH_PATHS = (
					"$(inherited)",
					"@executable_path/Frameworks",
				);
				MARKETING_VERSION = 1.0;
				PRODUCT_BUNDLE_IDENTIFIER = com.JoseManuel.RickAndMorty;
				PRODUCT_NAME = "$(TARGET_NAME)";
				SUPPORTED_PLATFORMS = "iphoneos iphonesimulator";
				SUPPORTS_MACCATALYST = NO;
				SUPPORTS_MAC_DESIGNED_FOR_IPHONE_IPAD = NO;
				SUPPORTS_XR_DESIGNED_FOR_IPHONE_IPAD = NO;
				SWIFT_EMIT_LOC_STRINGS = YES;
				SWIFT_VERSION = 5.0;
				TARGETED_DEVICE_FAMILY = 1;
			};
			name = Debug;
		};
		A38C7F382B87B8E800747632 /* Release */ = {
			isa = XCBuildConfiguration;
			buildSettings = {
				ASSETCATALOG_COMPILER_APPICON_NAME = AppIcon;
				ASSETCATALOG_COMPILER_GLOBAL_ACCENT_COLOR_NAME = AccentColor;
				CODE_SIGN_STYLE = Automatic;
				CURRENT_PROJECT_VERSION = 1;
				DEVELOPMENT_TEAM = 28GWAF24BT;
				GENERATE_INFOPLIST_FILE = YES;
				INFOPLIST_FILE = RickAndMorty/Info.plist;
				INFOPLIST_KEY_UIApplicationSupportsIndirectInputEvents = YES;
				INFOPLIST_KEY_UILaunchStoryboardName = LaunchScreen;
				INFOPLIST_KEY_UIMainStoryboardFile = "";
				INFOPLIST_KEY_UIStatusBarStyle = UIStatusBarStyleDarkContent;
				INFOPLIST_KEY_UISupportedInterfaceOrientations = UIInterfaceOrientationPortrait;
				LD_RUNPATH_SEARCH_PATHS = (
					"$(inherited)",
					"@executable_path/Frameworks",
				);
				MARKETING_VERSION = 1.0;
				PRODUCT_BUNDLE_IDENTIFIER = com.JoseManuel.RickAndMorty;
				PRODUCT_NAME = "$(TARGET_NAME)";
				SUPPORTED_PLATFORMS = "iphoneos iphonesimulator";
				SUPPORTS_MACCATALYST = NO;
				SUPPORTS_MAC_DESIGNED_FOR_IPHONE_IPAD = NO;
				SUPPORTS_XR_DESIGNED_FOR_IPHONE_IPAD = NO;
				SWIFT_EMIT_LOC_STRINGS = YES;
				SWIFT_VERSION = 5.0;
				TARGETED_DEVICE_FAMILY = 1;
			};
			name = Release;
		};
		A38C7F3A2B87B8E800747632 /* Debug */ = {
			isa = XCBuildConfiguration;
			buildSettings = {
				ALWAYS_EMBED_SWIFT_STANDARD_LIBRARIES = YES;
				BUNDLE_LOADER = "$(TEST_HOST)";
				CODE_SIGN_STYLE = Automatic;
				CURRENT_PROJECT_VERSION = 1;
				DEVELOPMENT_TEAM = 28GWAF24BT;
				GENERATE_INFOPLIST_FILE = YES;
				IPHONEOS_DEPLOYMENT_TARGET = 17.2;
				MARKETING_VERSION = 1.0;
				PRODUCT_BUNDLE_IDENTIFIER = com.JoseManuel.RickAndMortyTests;
				PRODUCT_NAME = "$(TARGET_NAME)";
				SWIFT_EMIT_LOC_STRINGS = NO;
				SWIFT_VERSION = 5.0;
				TARGETED_DEVICE_FAMILY = "1,2";
				TEST_HOST = "$(BUILT_PRODUCTS_DIR)/RickAndMorty.app/$(BUNDLE_EXECUTABLE_FOLDER_PATH)/RickAndMorty";
			};
			name = Debug;
		};
		A38C7F3B2B87B8E800747632 /* Release */ = {
			isa = XCBuildConfiguration;
			buildSettings = {
				ALWAYS_EMBED_SWIFT_STANDARD_LIBRARIES = YES;
				BUNDLE_LOADER = "$(TEST_HOST)";
				CODE_SIGN_STYLE = Automatic;
				CURRENT_PROJECT_VERSION = 1;
				DEVELOPMENT_TEAM = 28GWAF24BT;
				GENERATE_INFOPLIST_FILE = YES;
				IPHONEOS_DEPLOYMENT_TARGET = 17.2;
				MARKETING_VERSION = 1.0;
				PRODUCT_BUNDLE_IDENTIFIER = com.JoseManuel.RickAndMortyTests;
				PRODUCT_NAME = "$(TARGET_NAME)";
				SWIFT_EMIT_LOC_STRINGS = NO;
				SWIFT_VERSION = 5.0;
				TARGETED_DEVICE_FAMILY = "1,2";
				TEST_HOST = "$(BUILT_PRODUCTS_DIR)/RickAndMorty.app/$(BUNDLE_EXECUTABLE_FOLDER_PATH)/RickAndMorty";
			};
			name = Release;
		};
		A38C7F3D2B87B8E800747632 /* Debug */ = {
			isa = XCBuildConfiguration;
			buildSettings = {
				ALWAYS_EMBED_SWIFT_STANDARD_LIBRARIES = YES;
				CODE_SIGN_STYLE = Automatic;
				CURRENT_PROJECT_VERSION = 1;
				DEVELOPMENT_TEAM = 28GWAF24BT;
				GENERATE_INFOPLIST_FILE = YES;
				MARKETING_VERSION = 1.0;
				PRODUCT_BUNDLE_IDENTIFIER = com.JoseManuel.RickAndMortyUITests;
				PRODUCT_NAME = "$(TARGET_NAME)";
				SWIFT_EMIT_LOC_STRINGS = NO;
				SWIFT_VERSION = 5.0;
				TARGETED_DEVICE_FAMILY = "1,2";
				TEST_TARGET_NAME = RickAndMorty;
			};
			name = Debug;
		};
		A38C7F3E2B87B8E800747632 /* Release */ = {
			isa = XCBuildConfiguration;
			buildSettings = {
				ALWAYS_EMBED_SWIFT_STANDARD_LIBRARIES = YES;
				CODE_SIGN_STYLE = Automatic;
				CURRENT_PROJECT_VERSION = 1;
				DEVELOPMENT_TEAM = 28GWAF24BT;
				GENERATE_INFOPLIST_FILE = YES;
				MARKETING_VERSION = 1.0;
				PRODUCT_BUNDLE_IDENTIFIER = com.JoseManuel.RickAndMortyUITests;
				PRODUCT_NAME = "$(TARGET_NAME)";
				SWIFT_EMIT_LOC_STRINGS = NO;
				SWIFT_VERSION = 5.0;
				TARGETED_DEVICE_FAMILY = "1,2";
				TEST_TARGET_NAME = RickAndMorty;
			};
			name = Release;
		};
/* End XCBuildConfiguration section */

/* Begin XCConfigurationList section */
		A38C7F072B87B8E600747632 /* Build configuration list for PBXProject "RickAndMorty" */ = {
			isa = XCConfigurationList;
			buildConfigurations = (
				A38C7F342B87B8E800747632 /* Debug */,
				A38C7F352B87B8E800747632 /* Release */,
			);
			defaultConfigurationIsVisible = 0;
			defaultConfigurationName = Release;
		};
		A38C7F362B87B8E800747632 /* Build configuration list for PBXNativeTarget "RickAndMorty" */ = {
			isa = XCConfigurationList;
			buildConfigurations = (
				A38C7F372B87B8E800747632 /* Debug */,
				A38C7F382B87B8E800747632 /* Release */,
			);
			defaultConfigurationIsVisible = 0;
			defaultConfigurationName = Release;
		};
		A38C7F392B87B8E800747632 /* Build configuration list for PBXNativeTarget "RickAndMortyTests" */ = {
			isa = XCConfigurationList;
			buildConfigurations = (
				A38C7F3A2B87B8E800747632 /* Debug */,
				A38C7F3B2B87B8E800747632 /* Release */,
			);
			defaultConfigurationIsVisible = 0;
			defaultConfigurationName = Release;
		};
		A38C7F3C2B87B8E800747632 /* Build configuration list for PBXNativeTarget "RickAndMortyUITests" */ = {
			isa = XCConfigurationList;
			buildConfigurations = (
				A38C7F3D2B87B8E800747632 /* Debug */,
				A38C7F3E2B87B8E800747632 /* Release */,
			);
			defaultConfigurationIsVisible = 0;
			defaultConfigurationName = Release;
		};
/* End XCConfigurationList section */

/* Begin XCRemoteSwiftPackageReference section */
		A38C7F672B87E0AE00747632 /* XCRemoteSwiftPackageReference "Kingfisher" */ = {
			isa = XCRemoteSwiftPackageReference;
			repositoryURL = "https://github.com/onevcat/Kingfisher.git";
			requirement = {
				kind = upToNextMajorVersion;
				minimumVersion = 7.11.0;
			};
		};
/* End XCRemoteSwiftPackageReference section */

/* Begin XCSwiftPackageProductDependency section */
		A38C7F682B87E0AF00747632 /* Kingfisher */ = {
			isa = XCSwiftPackageProductDependency;
			package = A38C7F672B87E0AE00747632 /* XCRemoteSwiftPackageReference "Kingfisher" */;
			productName = Kingfisher;
		};
/* End XCSwiftPackageProductDependency section */
	};
	rootObject = A38C7F042B87B8E600747632 /* Project object */;
}
